{
    "_readme": [
        "This file locks the dependencies of your project to a known state",
        "Read more about it at https://getcomposer.org/doc/01-basic-usage.md#installing-dependencies",
        "This file is @generated automatically"
    ],
    "content-hash": "80e2ec68c2f72a41515f906917e986ef",
    "packages": [
        {
            "name": "bkwld/benchpress",
            "version": "dev-master",
            "source": {
                "type": "git",
                "url": "https://github.com/BKWLD/benchpress.git",
                "reference": "497b4c1becf2231293af323350a44e4a1604cefd"
            },
            "dist": {
                "type": "zip",
                "url": "https://api.github.com/repos/BKWLD/benchpress/zipball/497b4c1becf2231293af323350a44e4a1604cefd",
                "reference": "497b4c1becf2231293af323350a44e4a1604cefd",
                "shasum": ""
            },
            "type": "library",
            "autoload": {
                "psr-4": {
                    "Bkwld\\Benchpress\\": "src/"
                }
            },
            "license": [
                "MIT"
            ],
            "authors": [
                {
                    "name": "Bukwild",
                    "email": "info@bukwild.com"
                }
            ],
            "description": "Wordpress boilerplate",
            "support": {
                "source": "https://github.com/BKWLD/benchpress/tree/master",
                "issues": "https://github.com/BKWLD/benchpress/issues"
            },
            "time": "2017-08-08T17:51:30+00:00"
        },
        {
            "name": "doctrine/inflector",
            "version": "v1.3.0",
            "source": {
                "type": "git",
                "url": "https://github.com/doctrine/inflector.git",
                "reference": "5527a48b7313d15261292c149e55e26eae771b0a"
            },
            "dist": {
                "type": "zip",
                "url": "https://api.github.com/repos/doctrine/inflector/zipball/5527a48b7313d15261292c149e55e26eae771b0a",
                "reference": "5527a48b7313d15261292c149e55e26eae771b0a",
                "shasum": ""
            },
            "require": {
                "php": "^7.1"
            },
            "require-dev": {
                "phpunit/phpunit": "^6.2"
            },
            "type": "library",
            "extra": {
                "branch-alias": {
                    "dev-master": "1.3.x-dev"
                }
            },
            "autoload": {
                "psr-4": {
                    "Doctrine\\Common\\Inflector\\": "lib/Doctrine/Common/Inflector"
                }
            },
            "notification-url": "https://packagist.org/downloads/",
            "license": [
                "MIT"
            ],
            "authors": [
                {
                    "name": "Roman Borschel",
                    "email": "roman@code-factory.org"
                },
                {
                    "name": "Benjamin Eberlei",
                    "email": "kontakt@beberlei.de"
                },
                {
                    "name": "Guilherme Blanco",
                    "email": "guilhermeblanco@gmail.com"
                },
                {
                    "name": "Jonathan Wage",
                    "email": "jonwage@gmail.com"
                },
                {
                    "name": "Johannes Schmitt",
                    "email": "schmittjoh@gmail.com"
                }
            ],
            "description": "Common String Manipulations with regard to casing and singular/plural rules.",
            "homepage": "http://www.doctrine-project.org",
            "keywords": [
                "inflection",
                "pluralize",
                "singularize",
                "string"
            ],
            "time": "2018-01-09T20:05:19+00:00"
        },
        {
            "name": "illuminate/contracts",
            "version": "v5.6.3",
            "source": {
                "type": "git",
                "url": "https://github.com/illuminate/contracts.git",
                "reference": "f5d3ca46ec931e78fe961e52940e56fb7a0e6707"
            },
            "dist": {
                "type": "zip",
                "url": "https://api.github.com/repos/illuminate/contracts/zipball/f5d3ca46ec931e78fe961e52940e56fb7a0e6707",
                "reference": "f5d3ca46ec931e78fe961e52940e56fb7a0e6707",
                "shasum": ""
            },
            "require": {
                "php": "^7.1.3",
                "psr/container": "~1.0",
                "psr/simple-cache": "~1.0"
            },
            "type": "library",
            "extra": {
                "branch-alias": {
                    "dev-master": "5.6-dev"
                }
            },
            "autoload": {
                "psr-4": {
                    "Illuminate\\Contracts\\": ""
                }
            },
            "notification-url": "https://packagist.org/downloads/",
            "license": [
                "MIT"
            ],
            "authors": [
                {
                    "name": "Taylor Otwell",
                    "email": "taylor@laravel.com"
                }
            ],
            "description": "The Illuminate Contracts package.",
            "homepage": "https://laravel.com",
            "time": "2018-01-30T14:30:39+00:00"
        },
        {
            "name": "illuminate/support",
            "version": "v5.6.3",
            "source": {
                "type": "git",
                "url": "https://github.com/illuminate/support.git",
                "reference": "08f8b351a77efebfe3650e069ffa3f21a9a308d7"
            },
            "dist": {
                "type": "zip",
                "url": "https://api.github.com/repos/illuminate/support/zipball/08f8b351a77efebfe3650e069ffa3f21a9a308d7",
                "reference": "08f8b351a77efebfe3650e069ffa3f21a9a308d7",
                "shasum": ""
            },
            "require": {
                "doctrine/inflector": "~1.1",
                "ext-mbstring": "*",
                "illuminate/contracts": "5.6.*",
                "nesbot/carbon": "^1.20",
                "php": "^7.1.3"
            },
            "replace": {
                "tightenco/collect": "self.version"
            },
            "suggest": {
                "illuminate/filesystem": "Required to use the composer class (5.2.*).",
                "symfony/process": "Required to use the composer class (~4.0).",
                "symfony/var-dumper": "Required to use the dd function (~4.0)."
            },
            "type": "library",
            "extra": {
                "branch-alias": {
                    "dev-master": "5.6-dev"
                }
            },
            "autoload": {
                "psr-4": {
                    "Illuminate\\Support\\": ""
                },
                "files": [
                    "helpers.php"
                ]
            },
            "notification-url": "https://packagist.org/downloads/",
            "license": [
                "MIT"
            ],
            "authors": [
                {
                    "name": "Taylor Otwell",
                    "email": "taylor@laravel.com"
                }
            ],
            "description": "The Illuminate Support package.",
            "homepage": "https://laravel.com",
            "time": "2018-02-04T20:30:42+00:00"
        },
        {
            "name": "js-phpize/js-phpize",
            "version": "1.14.0",
            "source": {
                "type": "git",
                "url": "https://github.com/pug-php/js-phpize.git",
                "reference": "a4b904fa673e45f82a25e02d3c1592346ab0d716"
            },
            "dist": {
                "type": "zip",
                "url": "https://api.github.com/repos/pug-php/js-phpize/zipball/a4b904fa673e45f82a25e02d3c1592346ab0d716",
                "reference": "a4b904fa673e45f82a25e02d3c1592346ab0d716",
                "shasum": ""
            },
            "require": {
                "ext-mbstring": "*",
                "php": ">=5.3.0"
            },
            "require-dev": {
                "codeclimate/php-test-reporter": "dev-master",
                "phpunit/phpunit": ">=4.8.35 <6.0"
            },
            "type": "library",
            "autoload": {
                "psr-0": {
                    "JsPhpize": "src/"
                }
            },
            "notification-url": "https://packagist.org/downloads/",
            "license": [
                "MIT"
            ],
            "authors": [
                {
                    "name": "Kyle Katarn",
                    "email": "kylekatarnls@gmail.com"
                }
            ],
            "description": "Convert js-like syntax to standalone PHP code.",
            "time": "2018-02-06T08:50:18+00:00"
        },
        {
            "name": "nesbot/carbon",
            "version": "1.22.1",
            "source": {
                "type": "git",
                "url": "https://github.com/briannesbitt/Carbon.git",
                "reference": "7cdf42c0b1cc763ab7e4c33c47a24e27c66bfccc"
            },
            "dist": {
                "type": "zip",
                "url": "https://api.github.com/repos/briannesbitt/Carbon/zipball/7cdf42c0b1cc763ab7e4c33c47a24e27c66bfccc",
                "reference": "7cdf42c0b1cc763ab7e4c33c47a24e27c66bfccc",
                "shasum": ""
            },
            "require": {
                "php": ">=5.3.0",
                "symfony/translation": "~2.6 || ~3.0"
            },
            "require-dev": {
                "friendsofphp/php-cs-fixer": "~2",
                "phpunit/phpunit": "~4.0 || ~5.0"
            },
            "type": "library",
            "extra": {
                "branch-alias": {
                    "dev-master": "1.23-dev"
                }
            },
            "autoload": {
                "psr-4": {
                    "Carbon\\": "src/Carbon/"
                }
            },
            "notification-url": "https://packagist.org/downloads/",
            "license": [
                "MIT"
            ],
            "authors": [
                {
                    "name": "Brian Nesbitt",
                    "email": "brian@nesbot.com",
                    "homepage": "http://nesbot.com"
                }
            ],
            "description": "A simple API extension for DateTime.",
            "homepage": "http://carbon.nesbot.com",
            "keywords": [
                "date",
                "datetime",
                "time"
            ],
            "time": "2017-01-16T07:55:07+00:00"
        },
        {
            "name": "nodejs-php-fallback/nodejs-php-fallback",
            "version": "1.3.1",
            "source": {
                "type": "git",
                "url": "https://github.com/kylekatarnls/nodejs-php-fallback.git",
                "reference": "3d034b21f16e814fd4d9b04a4f6472dc6337175a"
            },
            "dist": {
                "type": "zip",
                "url": "https://api.github.com/repos/kylekatarnls/nodejs-php-fallback/zipball/3d034b21f16e814fd4d9b04a4f6472dc6337175a",
                "reference": "3d034b21f16e814fd4d9b04a4f6472dc6337175a",
                "shasum": ""
            },
            "require": {
                "composer-plugin-api": "^1.0",
                "php": ">=5.3.0"
            },
            "require-dev": {
                "codeclimate/php-test-reporter": "dev-master",
                "composer/composer": "^1.2",
                "phpunit/phpunit": ">=4.8 <6.0"
            },
            "type": "composer-plugin",
            "extra": {
                "class": "NodejsPhpFallback\\ComposerPlugin"
            },
            "autoload": {
                "psr-0": {
                    "NodejsPhpFallback\\": "src/"
                }
            },
            "notification-url": "https://packagist.org/downloads/",
            "license": [
                "MIT"
            ],
            "authors": [
                {
                    "name": "Kyle",
                    "email": "kylekatarnls@gmail.com"
                }
            ],
            "description": "Allow you to call node.js module or scripts throught PHP and call a fallback function if node.js is not available",
            "time": "2017-11-03T08:55:02+00:00"
        },
        {
            "name": "psr/container",
            "version": "1.0.0",
            "source": {
                "type": "git",
                "url": "https://github.com/php-fig/container.git",
                "reference": "b7ce3b176482dbbc1245ebf52b181af44c2cf55f"
            },
            "dist": {
                "type": "zip",
                "url": "https://api.github.com/repos/php-fig/container/zipball/b7ce3b176482dbbc1245ebf52b181af44c2cf55f",
                "reference": "b7ce3b176482dbbc1245ebf52b181af44c2cf55f",
                "shasum": ""
            },
            "require": {
                "php": ">=5.3.0"
            },
            "type": "library",
            "extra": {
                "branch-alias": {
                    "dev-master": "1.0.x-dev"
                }
            },
            "autoload": {
                "psr-4": {
                    "Psr\\Container\\": "src/"
                }
            },
            "notification-url": "https://packagist.org/downloads/",
            "license": [
                "MIT"
            ],
            "authors": [
                {
                    "name": "PHP-FIG",
                    "homepage": "http://www.php-fig.org/"
                }
            ],
            "description": "Common Container Interface (PHP FIG PSR-11)",
            "homepage": "https://github.com/php-fig/container",
            "keywords": [
                "PSR-11",
                "container",
                "container-interface",
                "container-interop",
                "psr"
            ],
            "time": "2017-02-14T16:28:37+00:00"
        },
        {
            "name": "psr/simple-cache",
            "version": "1.0.0",
            "source": {
                "type": "git",
                "url": "https://github.com/php-fig/simple-cache.git",
                "reference": "753fa598e8f3b9966c886fe13f370baa45ef0e24"
            },
            "dist": {
                "type": "zip",
                "url": "https://api.github.com/repos/php-fig/simple-cache/zipball/753fa598e8f3b9966c886fe13f370baa45ef0e24",
                "reference": "753fa598e8f3b9966c886fe13f370baa45ef0e24",
                "shasum": ""
            },
            "require": {
                "php": ">=5.3.0"
            },
            "type": "library",
            "extra": {
                "branch-alias": {
                    "dev-master": "1.0.x-dev"
                }
            },
            "autoload": {
                "psr-4": {
                    "Psr\\SimpleCache\\": "src/"
                }
            },
            "notification-url": "https://packagist.org/downloads/",
            "license": [
                "MIT"
            ],
            "authors": [
                {
                    "name": "PHP-FIG",
                    "homepage": "http://www.php-fig.org/"
                }
            ],
            "description": "Common interfaces for simple caching",
            "keywords": [
                "cache",
                "caching",
                "psr",
                "psr-16",
                "simple-cache"
            ],
            "time": "2017-01-02T13:31:39+00:00"
        },
        {
            "name": "pug-php/pug",
            "version": "2.7.4",
            "source": {
                "type": "git",
                "url": "https://github.com/pug-php/pug.git",
                "reference": "3f5125cf01ff91e6005594b630e20b4dab6af3ec"
            },
            "dist": {
                "type": "zip",
                "url": "https://api.github.com/repos/pug-php/pug/zipball/3f5125cf01ff91e6005594b630e20b4dab6af3ec",
                "reference": "3f5125cf01ff91e6005594b630e20b4dab6af3ec",
                "shasum": ""
            },
            "require": {
                "js-phpize/js-phpize": "^1.2",
                "nodejs-php-fallback/nodejs-php-fallback": "^1.2",
                "php": ">=5.3.0"
            },
            "replace": {
                "kylekatarnls/jade-php": "self.version"
            },
            "require-dev": {
                "codeclimate/php-test-reporter": ">=0.3",
                "phpunit/phpunit": ">=4.8 <6.0"
            },
            "type": "library",
            "extra": {
                "npm": {
                    "pug-cli": "^1.0.0-alpha6"
                }
            },
            "autoload": {
                "psr-0": {
                    "Pug\\": "src/",
                    "Jade\\": "src/"
                }
            },
            "notification-url": "https://packagist.org/downloads/",
            "license": [
                "MIT"
            ],
            "authors": [
                {
                    "name": "Janez Troha",
                    "email": "janez.troha@gmail.com",
                    "homepage": "http://flavors.me/dz0ny",
                    "role": "Maintainer"
                },
                {
                    "name": "Luke GB",
                    "email": "git@lukegb.com",
                    "homepage": "http://twitter.com/lukegb",
                    "role": "Maintainer"
                },
                {
                    "name": "Ronan Tessier",
                    "email": "ronan.tessier@vaconsulting.lu",
                    "homepage": "http://github.com/ronan-gloo",
                    "role": "Maintainer"
                },
                {
                    "name": "kylekatarnls",
                    "email": "jade-php@selfbuild.fr",
                    "homepage": "http://github.com/kylekatarnls",
                    "role": "Developer"
                },
                {
                    "name": "volter9",
                    "homepage": "https://github.com/volter9",
                    "role": "Developer"
                },
                {
                    "name": "sisoftrg",
                    "homepage": "https://github.com/sisoftrg",
                    "role": "Developer"
                },
                {
                    "name": "hackaugusto",
                    "homepage": "https://github.com/hackaugusto",
                    "role": "Developer"
                },
                {
                    "name": "peniar",
                    "homepage": "https://github.com/peniar",
                    "role": "Developer"
                },
                {
                    "name": "NSinopoli",
                    "homepage": "https://github.com/NSinopoli",
                    "role": "Developer"
                },
                {
                    "name": "DJRanger",
                    "homepage": "https://github.com/DJRanger",
                    "role": "Contributor"
                },
                {
                    "name": "fcrosfly",
                    "homepage": "https://github.com/fcrosfly",
                    "role": "Contributor"
                },
                {
                    "name": "Soviut",
                    "homepage": "http://github.com/Soviut",
                    "role": "Contributor"
                },
                {
                    "name": "just-paja",
                    "homepage": "http://github.com/just-paja",
                    "role": "Contributor"
                },
                {
                    "name": "cjonasw",
                    "homepage": "http://github.com/cjonasw",
                    "role": "Contributor"
                },
                {
                    "name": "s4msung",
                    "homepage": "http://github.com/s4msung",
                    "role": "Contributor"
                },
                {
                    "name": "sadjow",
                    "homepage": "http://github.com/sadjow",
                    "role": "Contributor"
                },
                {
                    "name": "hkjels",
                    "homepage": "http://github.com/hkjels",
                    "role": "Contributor"
                },
                {
                    "name": "krizalys",
                    "homepage": "http://github.com/krizalys",
                    "role": "Contributor"
                },
                {
                    "name": "sszigeti",
                    "homepage": "http://github.com/sszigeti",
                    "role": "Contributor"
                },
                {
                    "name": "Konstantin Kudryashov",
                    "email": "konstantin.kudryashov@knplabs.com",
                    "homepage": "http://about.me/everzet",
                    "role": "Developer"
                },
                {
                    "name": "Marco \"Debo\" De Bortoli",
                    "homepage": "https://github.com/debo",
                    "role": "contributor"
                }
            ],
            "description": "HAML-like template engine for PHP 5.3",
            "homepage": "https://github.com/pug-php/pug",
            "keywords": [
                "jade",
                "minification",
                "pug",
                "template"
            ],
            "time": "2017-12-12T12:50:11+00:00"
        },
        {
            "name": "sentry/sentry",
            "version": "1.9.2",
            "source": {
                "type": "git",
                "url": "https://github.com/getsentry/sentry-php.git",
                "reference": "6b4c80ee1f5d9d5ab5bae949f4eb5d758a0bf64b"
            },
            "dist": {
                "type": "zip",
                "url": "https://api.github.com/repos/getsentry/sentry-php/zipball/6b4c80ee1f5d9d5ab5bae949f4eb5d758a0bf64b",
                "reference": "6b4c80ee1f5d9d5ab5bae949f4eb5d758a0bf64b",
                "shasum": ""
            },
            "require": {
                "ext-curl": "*",
                "php": "^5.3|^7.0"
            },
            "conflict": {
                "raven/raven": "*"
            },
            "require-dev": {
                "friendsofphp/php-cs-fixer": "^1.8.0",
                "monolog/monolog": "*",
                "phpunit/phpunit": "^4.8.35 || ^5.7"
            },
            "suggest": {
                "ext-hash": "*",
                "ext-json": "*",
                "ext-mbstring": "*",
                "monolog/monolog": "Automatically capture Monolog events as breadcrumbs"
            },
            "bin": [
                "bin/sentry"
            ],
            "type": "library",
            "extra": {
                "branch-alias": {
                    "dev-master": "1.10.x-dev"
                }
            },
            "autoload": {
                "psr-0": {
                    "Raven_": "lib/"
                }
            },
            "notification-url": "https://packagist.org/downloads/",
            "license": [
                "BSD-3-Clause"
            ],
            "authors": [
                {
                    "name": "David Cramer",
                    "email": "dcramer@gmail.com"
                }
            ],
            "description": "A PHP client for Sentry (http://getsentry.com)",
            "homepage": "http://getsentry.com",
            "keywords": [
                "log",
                "logging"
            ],
            "time": "2018-08-18T19:41:03+00:00"
        },
        {
            "name": "symfony/polyfill-mbstring",
            "version": "v1.7.0",
            "source": {
                "type": "git",
                "url": "https://github.com/symfony/polyfill-mbstring.git",
                "reference": "78be803ce01e55d3491c1397cf1c64beb9c1b63b"
            },
            "dist": {
                "type": "zip",
                "url": "https://api.github.com/repos/symfony/polyfill-mbstring/zipball/78be803ce01e55d3491c1397cf1c64beb9c1b63b",
                "reference": "78be803ce01e55d3491c1397cf1c64beb9c1b63b",
                "shasum": ""
            },
            "require": {
                "php": ">=5.3.3"
            },
            "suggest": {
                "ext-mbstring": "For best performance"
            },
            "type": "library",
            "extra": {
                "branch-alias": {
                    "dev-master": "1.7-dev"
                }
            },
            "autoload": {
                "psr-4": {
                    "Symfony\\Polyfill\\Mbstring\\": ""
                },
                "files": [
                    "bootstrap.php"
                ]
            },
            "notification-url": "https://packagist.org/downloads/",
            "license": [
                "MIT"
            ],
            "authors": [
                {
                    "name": "Nicolas Grekas",
                    "email": "p@tchwork.com"
                },
                {
                    "name": "Symfony Community",
                    "homepage": "https://symfony.com/contributors"
                }
            ],
            "description": "Symfony polyfill for the Mbstring extension",
            "homepage": "https://symfony.com",
            "keywords": [
                "compatibility",
                "mbstring",
                "polyfill",
                "portable",
                "shim"
            ],
            "time": "2018-01-30T19:27:44+00:00"
        },
        {
            "name": "symfony/translation",
            "version": "v3.4.4",
            "source": {
                "type": "git",
                "url": "https://github.com/symfony/translation.git",
                "reference": "10b32cf0eae28b9b39fe26c456c42b19854c4b84"
            },
            "dist": {
                "type": "zip",
                "url": "https://api.github.com/repos/symfony/translation/zipball/10b32cf0eae28b9b39fe26c456c42b19854c4b84",
                "reference": "10b32cf0eae28b9b39fe26c456c42b19854c4b84",
                "shasum": ""
            },
            "require": {
                "php": "^5.5.9|>=7.0.8",
                "symfony/polyfill-mbstring": "~1.0"
            },
            "conflict": {
                "symfony/config": "<2.8",
                "symfony/dependency-injection": "<3.4",
                "symfony/yaml": "<3.4"
            },
            "require-dev": {
                "psr/log": "~1.0",
                "symfony/config": "~2.8|~3.0|~4.0",
                "symfony/dependency-injection": "~3.4|~4.0",
                "symfony/finder": "~2.8|~3.0|~4.0",
                "symfony/intl": "^2.8.18|^3.2.5|~4.0",
                "symfony/yaml": "~3.4|~4.0"
            },
            "suggest": {
                "psr/log": "To use logging capability in translator",
                "symfony/config": "",
                "symfony/yaml": ""
            },
            "type": "library",
            "extra": {
                "branch-alias": {
                    "dev-master": "3.4-dev"
                }
            },
            "autoload": {
                "psr-4": {
                    "Symfony\\Component\\Translation\\": ""
                },
                "exclude-from-classmap": [
                    "/Tests/"
                ]
            },
            "notification-url": "https://packagist.org/downloads/",
            "license": [
                "MIT"
            ],
            "authors": [
                {
                    "name": "Fabien Potencier",
                    "email": "fabien@symfony.com"
                },
                {
                    "name": "Symfony Community",
                    "homepage": "https://symfony.com/contributors"
                }
            ],
            "description": "Symfony Translation Component",
            "homepage": "https://symfony.com",
            "time": "2018-01-18T22:16:57+00:00"
        },
        {
            "name": "vlucas/phpdotenv",
            "version": "v2.4.0",
            "source": {
                "type": "git",
                "url": "https://github.com/vlucas/phpdotenv.git",
                "reference": "3cc116adbe4b11be5ec557bf1d24dc5e3a21d18c"
            },
            "dist": {
                "type": "zip",
                "url": "https://api.github.com/repos/vlucas/phpdotenv/zipball/3cc116adbe4b11be5ec557bf1d24dc5e3a21d18c",
                "reference": "3cc116adbe4b11be5ec557bf1d24dc5e3a21d18c",
                "shasum": ""
            },
            "require": {
                "php": ">=5.3.9"
            },
            "require-dev": {
                "phpunit/phpunit": "^4.8 || ^5.0"
            },
            "type": "library",
            "extra": {
                "branch-alias": {
                    "dev-master": "2.4-dev"
                }
            },
            "autoload": {
                "psr-4": {
                    "Dotenv\\": "src/"
                }
            },
            "notification-url": "https://packagist.org/downloads/",
            "license": [
                "BSD-3-Clause-Attribution"
            ],
            "authors": [
                {
                    "name": "Vance Lucas",
                    "email": "vance@vancelucas.com",
                    "homepage": "http://www.vancelucas.com"
                }
            ],
            "description": "Loads environment variables from `.env` to `getenv()`, `$_ENV` and `$_SERVER` automagically.",
            "keywords": [
                "dotenv",
                "env",
                "environment"
            ],
            "time": "2016-09-01T10:05:43+00:00"
        }
    ],
    "packages-dev": [
        {
            "name": "larapack/dd",
            "version": "1.1",
            "source": {
                "type": "git",
                "url": "https://github.com/larapack/dd.git",
                "reference": "561b5111a13d0094b59b5c81b1572489485fb948"
            },
            "dist": {
                "type": "zip",
                "url": "https://api.github.com/repos/larapack/dd/zipball/561b5111a13d0094b59b5c81b1572489485fb948",
                "reference": "561b5111a13d0094b59b5c81b1572489485fb948",
                "shasum": ""
            },
            "require": {
                "symfony/var-dumper": "*"
            },
            "type": "package",
            "autoload": {
                "files": [
                    "src/helper.php"
                ]
            },
            "notification-url": "https://packagist.org/downloads/",
            "license": [
                "MIT"
            ],
            "authors": [
                {
                    "name": "Mark Topper",
                    "email": "hi@webman.io"
                }
            ],
            "description": "`dd` is a helper method in Laravel. This package will add the `dd` to your application.",
            "time": "2016-12-15T09:34:34+00:00"
        },
        {
            "name": "symfony/polyfill-php72",
            "version": "v1.7.0",
            "source": {
                "type": "git",
                "url": "https://github.com/symfony/polyfill-php72.git",
                "reference": "8eca20c8a369e069d4f4c2ac9895144112867422"
            },
            "dist": {
                "type": "zip",
                "url": "https://api.github.com/repos/symfony/polyfill-php72/zipball/8eca20c8a369e069d4f4c2ac9895144112867422",
                "reference": "8eca20c8a369e069d4f4c2ac9895144112867422",
                "shasum": ""
            },
            "require": {
                "php": ">=5.3.3"
            },
            "type": "library",
            "extra": {
                "branch-alias": {
                    "dev-master": "1.7-dev"
                }
            },
            "autoload": {
                "psr-4": {
                    "Symfony\\Polyfill\\Php72\\": ""
                },
                "files": [
                    "bootstrap.php"
                ]
            },
            "notification-url": "https://packagist.org/downloads/",
            "license": [
                "MIT"
            ],
            "authors": [
                {
                    "name": "Nicolas Grekas",
                    "email": "p@tchwork.com"
                },
                {
                    "name": "Symfony Community",
                    "homepage": "https://symfony.com/contributors"
                }
            ],
            "description": "Symfony polyfill backporting some PHP 7.2+ features to lower PHP versions",
            "homepage": "https://symfony.com",
            "keywords": [
                "compatibility",
                "polyfill",
                "portable",
                "shim"
            ],
            "time": "2018-01-31T17:43:24+00:00"
        },
        {
            "name": "symfony/var-dumper",
            "version": "v4.0.4",
            "source": {
                "type": "git",
                "url": "https://github.com/symfony/var-dumper.git",
                "reference": "6d63cc74f3e2d4961411ccb77389a00332653104"
            },
            "dist": {
                "type": "zip",
                "url": "https://api.github.com/repos/symfony/var-dumper/zipball/6d63cc74f3e2d4961411ccb77389a00332653104",
                "reference": "6d63cc74f3e2d4961411ccb77389a00332653104",
                "shasum": ""
            },
            "require": {
                "php": "^7.1.3",
                "symfony/polyfill-mbstring": "~1.0",
                "symfony/polyfill-php72": "~1.5"
            },
            "conflict": {
                "phpunit/phpunit": "<4.8.35|<5.4.3,>=5.0"
            },
            "require-dev": {
                "ext-iconv": "*",
                "twig/twig": "~1.34|~2.4"
            },
            "suggest": {
                "ext-iconv": "To convert non-UTF-8 strings to UTF-8 (or symfony/polyfill-iconv in case ext-iconv cannot be used).",
                "ext-intl": "To show region name in time zone dump"
            },
            "type": "library",
            "extra": {
                "branch-alias": {
                    "dev-master": "4.0-dev"
                }
            },
            "autoload": {
                "files": [
                    "Resources/functions/dump.php"
                ],
                "psr-4": {
                    "Symfony\\Component\\VarDumper\\": ""
                },
                "exclude-from-classmap": [
                    "/Tests/"
                ]
            },
            "notification-url": "https://packagist.org/downloads/",
            "license": [
                "MIT"
            ],
            "authors": [
                {
                    "name": "Nicolas Grekas",
                    "email": "p@tchwork.com"
                },
                {
                    "name": "Symfony Community",
                    "homepage": "https://symfony.com/contributors"
                }
            ],
            "description": "Symfony mechanism for exploring and dumping PHP variables",
            "homepage": "https://symfony.com",
            "keywords": [
                "debug",
                "dump"
            ],
            "time": "2018-01-29T09:06:29+00:00"
        }
    ],
    "aliases": [],
    "minimum-stability": "stable",
    "stability-flags": {
        "bkwld/benchpress": 20
    },
    "prefer-stable": false,
    "prefer-lowest": false,
    "platform": [],
    "platform-dev": []
}
